Microsoft Visual Studio Solution File, Format Version 12.00
# Visual Studio Version 17
VisualStudioVersion = 17.5.2.0
MinimumVisualStudioVersion = 10.0.40219.1
Project("{FAE04EC0-301F-11D3-BF4B-00C04F79EFBC}") = "AWSServerSelector", "AWSServerSelector.csproj", "{6B2DB658-ED9B-08F6-E5A3-0E492B89DC26}"
EndProject
Global
	GlobalSection(SolutionConfigurationPlatforms) = preSolution
		Debug|Any CPU = Debug|Any CPU
		Release|Any CPU = Release|Any CPU
	EndGlobalSection
	GlobalSection(ProjectConfigurationPlatforms) = postSolution
		{6B2DB658-ED9B-08F6-E5A3-0E492B89DC26}.Debug|Any CPU.ActiveCfg = Debug|Any CPU
		{6B2DB658-ED9B-08F6-E5A3-0E492B89DC26}.Debug|Any CPU.Build.0 = Debug|Any CPU
		{6B2DB658-ED9B-08F6-E5A3-0E492B89DC26}.Release|Any CPU.ActiveCfg = Release|Any CPU
		{6B2DB658-ED9B-08F6-E5A3-0E492B89DC26}.Release|Any CPU.Build.0 = Release|Any CPU
	EndGlobalSection
	GlobalSection(SolutionProperties) = preSolution
		HideSolutionNode = FALSE
	EndGlobalSection
	GlobalSection(ExtensibilityGlobals) = postSolution
		SolutionGuid = {EAEBCEDC-7C5A-4D43-AE7B-53847F2ADF50}
	EndGlobalSection
EndGlobal
